<?xml version="1.0" encoding="utf-8"?>
<Project ToolsVersion="4.0" xmlns="http://schemas.microsoft.com/developer/msbuild/2003">
  <ItemGroup>
    <Filter Include="Source Files">
      <UniqueIdentifier>{4FC737F1-C7A5-4376-A066-2A32D752A2FF}</UniqueIdentifier>
      <Extensions>cpp;c;cc;cxx;def;odl;idl;hpj;bat;asm;asmx</Extensions>
    </Filter>
    <Filter Include="Header Files">
      <UniqueIdentifier>{93995380-89BD-4b04-88EB-625FBE52EBFB}</UniqueIdentifier>
      <Extensions>h;hh;hpp;hxx;hm;inl;inc;ipp;xsd</Extensions>
    </Filter>
    <Filter Include="Resource Files">
      <UniqueIdentifier>{67DA6AB6-F800-4c08-8B7A-83BB121AAD01}</UniqueIdentifier>
      <Extensions>rc;ico;cur;bmp;dlg;rc2;rct;bin;rgs;gif;jpg;jpeg;jpe;resx;tiff;tif;png;wav;mfcribbon-ms</Extensions>
    </Filter>
    <Filter Include="Source Files\yaml-cpp">
      <UniqueIdentifier>{f780b416-a9bc-473e-beea-37feb90daf1d}</UniqueIdentifier>
    </Filter>
  </ItemGroup>
  <ItemGroup>
    <ClCompile Include="cpp\src\Simulator.cpp">
      <Filter>Source Files</Filter>
    </ClCompile>
    <ClCompile Include="cpp\src\HikingSimException.cpp">
      <Filter>Source Files</Filter>
    </ClCompile>
    <ClCompile Include="cpp\src\YamlLoader.cpp">
      <Filter>Source Files</Filter>
    </ClCompile>
    <ClCompile Include="cpp\src\yaml-cpp\binary.cpp">
      <Filter>Source Files\yaml-cpp</Filter>
    </ClCompile>
    <ClCompile Include="cpp\src\yaml-cpp\convert.cpp">
      <Filter>Source Files\yaml-cpp</Filter>
    </ClCompile>
    <ClCompile Include="cpp\src\yaml-cpp\directives.cpp">
      <Filter>Source Files\yaml-cpp</Filter>
    </ClCompile>
    <ClCompile Include="cpp\src\yaml-cpp\emit.cpp">
      <Filter>Source Files\yaml-cpp</Filter>
    </ClCompile>
    <ClCompile Include="cpp\src\yaml-cpp\emitfromevents.cpp">
      <Filter>Source Files\yaml-cpp</Filter>
    </ClCompile>
    <ClCompile Include="cpp\src\yaml-cpp\emitter.cpp">
      <Filter>Source Files\yaml-cpp</Filter>
    </ClCompile>
    <ClCompile Include="cpp\src\yaml-cpp\emitterstate.cpp">
      <Filter>Source Files\yaml-cpp</Filter>
    </ClCompile>
    <ClCompile Include="cpp\src\yaml-cpp\emitterutils.cpp">
      <Filter>Source Files\yaml-cpp</Filter>
    </ClCompile>
    <ClCompile Include="cpp\src\yaml-cpp\exceptions.cpp">
      <Filter>Source Files\yaml-cpp</Filter>
    </ClCompile>
    <ClCompile Include="cpp\src\yaml-cpp\exp.cpp">
      <Filter>Source Files\yaml-cpp</Filter>
    </ClCompile>
    <ClCompile Include="cpp\src\yaml-cpp\memory.cpp">
      <Filter>Source Files\yaml-cpp</Filter>
    </ClCompile>
    <ClCompile Include="cpp\src\yaml-cpp\node.cpp">
      <Filter>Source Files\yaml-cpp</Filter>
    </ClCompile>
    <ClCompile Include="cpp\src\yaml-cpp\node_data.cpp">
      <Filter>Source Files\yaml-cpp</Filter>
    </ClCompile>
    <ClCompile Include="cpp\src\yaml-cpp\nodebuilder.cpp">
      <Filter>Source Files\yaml-cpp</Filter>
    </ClCompile>
    <ClCompile Include="cpp\src\yaml-cpp\nodeevents.cpp">
      <Filter>Source Files\yaml-cpp</Filter>
    </ClCompile>
    <ClCompile Include="cpp\src\yaml-cpp\null.cpp">
      <Filter>Source Files\yaml-cpp</Filter>
    </ClCompile>
    <ClCompile Include="cpp\src\yaml-cpp\ostream_wrapper.cpp">
      <Filter>Source Files\yaml-cpp</Filter>
    </ClCompile>
    <ClCompile Include="cpp\src\yaml-cpp\parse.cpp">
      <Filter>Source Files\yaml-cpp</Filter>
    </ClCompile>
    <ClCompile Include="cpp\src\yaml-cpp\parser.cpp">
      <Filter>Source Files\yaml-cpp</Filter>
    </ClCompile>
    <ClCompile Include="cpp\src\yaml-cpp\regex_yaml.cpp">
      <Filter>Source Files\yaml-cpp</Filter>
    </ClCompile>
    <ClCompile Include="cpp\src\yaml-cpp\scanner.cpp">
      <Filter>Source Files\yaml-cpp</Filter>
    </ClCompile>
    <ClCompile Include="cpp\src\yaml-cpp\scanscalar.cpp">
      <Filter>Source Files\yaml-cpp</Filter>
    </ClCompile>
    <ClCompile Include="cpp\src\yaml-cpp\scantag.cpp">
      <Filter>Source Files\yaml-cpp</Filter>
    </ClCompile>
    <ClCompile Include="cpp\src\yaml-cpp\scantoken.cpp">
      <Filter>Source Files\yaml-cpp</Filter>
    </ClCompile>
    <ClCompile Include="cpp\src\yaml-cpp\simplekey.cpp">
      <Filter>Source Files\yaml-cpp</Filter>
    </ClCompile>
    <ClCompile Include="cpp\src\yaml-cpp\singledocparser.cpp">
      <Filter>Source Files\yaml-cpp</Filter>
    </ClCompile>
    <ClCompile Include="cpp\src\yaml-cpp\stream.cpp">
      <Filter>Source Files\yaml-cpp</Filter>
    </ClCompile>
    <ClCompile Include="cpp\src\yaml-cpp\tag.cpp">
      <Filter>Source Files\yaml-cpp</Filter>
    </ClCompile>
  </ItemGroup>
  <ItemGroup>
    <ClInclude Include="cpp\include\Simulator.h">
      <Filter>Header Files</Filter>
    </ClInclude>
    <ClInclude Include="cpp\include\YamlLoader.h">
      <Filter>Header Files</Filter>
    </ClInclude>
    <ClInclude Include="cpp\include\HikingSimException.h">
      <Filter>Header Files</Filter>
    </ClInclude>
  </ItemGroup>
</Project>